
Microsoft Visual Studio Solution File, Format Version 12.00
# Visual Studio Version 17
VisualStudioVersion = 17.11.35327.3
MinimumVisualStudioVersion = 10.0.40219.1
Project("{FAE04EC0-301F-11D3-BF4B-00C04F79EFBC}") = "Ioneac_VladutAlexandru_Lab2", "Ioneac_VladutAlexandru_Lab2\Ioneac_VladutAlexandru_Lab2.csproj", "{AE4C0330-58A1-4B7C-AD5D-B3777D092030}"
EndProject
Global
	GlobalSection(SolutionConfigurationPlatforms) = preSolution
		Debug|Any CPU = Debug|Any CPU
		Release|Any CPU = Release|Any CPU
	EndGlobalSection
	GlobalSection(ProjectConfigurationPlatforms) = postSolution
		{AE4C0330-58A1-4B7C-AD5D-B3777D092030}.Debug|Any CPU.ActiveCfg = Debug|Any CPU
		{AE4C0330-58A1-4B7C-AD5D-B3777D092030}.Debug|Any CPU.Build.0 = Debug|Any CPU
		{AE4C0330-58A1-4B7C-AD5D-B3777D092030}.Release|Any CPU.ActiveCfg = Release|Any CPU
		{AE4C0330-58A1-4B7C-AD5D-B3777D092030}.Release|Any CPU.Build.0 = Release|Any CPU
	EndGlobalSection
	GlobalSection(SolutionProperties) = preSolution
		HideSolutionNode = FALSE
	EndGlobalSection
	GlobalSection(ExtensibilityGlobals) = postSolution
		SolutionGuid = {17E85FF8-7718-4773-8B49-4BFFD25D08A0}
	EndGlobalSection
EndGlobal
